
Microsoft Visual Studio Solution File, Format Version 12.00
# Visual Studio 15
VisualStudioVersion = 15.0.26228.4
MinimumVisualStudioVersion = 10.0.40219.1
Project("{FAE04EC0-301F-11D3-BF4B-00C04F79EFBC}") = "custom-tools", "custom-tools\custom-tools.csproj", "{69380274-88C0-43A9-ADF2-C562978264C8}"
EndProject
Project("{FAE04EC0-301F-11D3-BF4B-00C04F79EFBC}") = "custom-tools-tests", "custom-tools-tests\custom-tools-tests.csproj", "{05E68303-E852-45C6-A03E-7C2D54E6DC12}"
EndProject
Global
	GlobalSection(SolutionConfigurationPlatforms) = preSolution
		Debug|Any CPU = Debug|Any CPU
		Release|Any CPU = Release|Any CPU
	EndGlobalSection
	GlobalSection(ProjectConfigurationPlatforms) = postSolution
		{69380274-88C0-43A9-ADF2-C562978264C8}.Debug|Any CPU.ActiveCfg = Debug|Any CPU
		{69380274-88C0-43A9-ADF2-C562978264C8}.Debug|Any CPU.Build.0 = Debug|Any CPU
		{69380274-88C0-43A9-ADF2-C562978264C8}.Release|Any CPU.ActiveCfg = Release|Any CPU
		{69380274-88C0-43A9-ADF2-C562978264C8}.Release|Any CPU.Build.0 = Release|Any CPU
		{05E68303-E852-45C6-A03E-7C2D54E6DC12}.Debug|Any CPU.ActiveCfg = Debug|Any CPU
		{05E68303-E852-45C6-A03E-7C2D54E6DC12}.Debug|Any CPU.Build.0 = Debug|Any CPU
		{05E68303-E852-45C6-A03E-7C2D54E6DC12}.Release|Any CPU.ActiveCfg = Release|Any CPU
		{05E68303-E852-45C6-A03E-7C2D54E6DC12}.Release|Any CPU.Build.0 = Release|Any CPU
	EndGlobalSection
	GlobalSection(SolutionProperties) = preSolution
		HideSolutionNode = FALSE
	EndGlobalSection
EndGlobal
